# THIS IS AN AUTOGENERATED FILE. DO NOT EDIT THIS FILE DIRECTLY.
# yarn lockfile v1


arrify@^2.0.1:
  version "2.0.1"
  resolved "https://registry.yarnpkg.com/arrify/-/arrify-2.0.1.tgz#c9655e9331e0abcd588d2a7cad7e9956f66701fa"
  integrity sha512-3duEwti880xqi4eAMN8AyR4a0ByT90zoYdLlevfrvU43vb0YZwZVfxOgxWrLXXXpyugL0hNZc9G6BiB5B3nUug==

dot-prop@^5.0.0:
  version "5.2.0"
  resolved "https://registry.yarnpkg.com/dot-prop/-/dot-prop-5.2.0.tgz#c34ecc29556dc45f1f4c22697b6f4904e0cc4fcb"
  integrity sha512-uEUyaDKoSQ1M4Oq8l45hSE26SnTxL6snNnqvK/VWx5wJhmff5z0FUVJDKDanor/6w3kzE3i7XZOk+7wC0EXr1A==
  dependencies:
    is-obj "^2.0.0"

humanize-url@^2.1.0:
  version "2.1.0"
  resolved "https://registry.yarnpkg.com/humanize-url/-/humanize-url-2.1.0.tgz#329738ea1e18bce270129ee30a7f2757c53866d5"
  integrity sha512-Z/F04Y4/VGDuUyUhwbK8NaW5gd8HqjinDMMTfBwviGblt9VUlyog6TEff+BVEh2COXgIehQ/m3Pza0uUx7h1sQ==
  dependencies:
    normalize-url "^4.3.0"

is-obj@^2.0.0:
  version "2.0.0"
  resolved "https://registry.yarnpkg.com/is-obj/-/is-obj-2.0.0.tgz#473fb05d973705e3fd9620545018ca8e22ef4982"
  integrity sha512-drqDG3cbczxxEJRoOXcOjtdp1J/lyp1mNn0xaznRs8+muBhgQcrnbspox5X5fOw0HnMnbfDzvnEMEtqDEJEo8w==

normalize-url@^4.3.0:
  version "4.5.0"
  resolved "https://registry.yarnpkg.com/normalize-url/-/normalize-url-4.5.0.tgz#453354087e6ca96957bd8f5baf753f5982142129"
  integrity sha512-2s47yzUxdexf1OhyRi4Em83iQk0aPvwTddtFz4hnSSw9dCEsLEGf6SwIO8ss/19S9iBb5sJaOuTvTGDeZI00BQ==

parse-ms@^2.1.0:
  version "2.1.0"
  resolved "https://registry.yarnpkg.com/parse-ms/-/parse-ms-2.1.0.tgz#348565a753d4391fa524029956b172cb7753097d"
  integrity sha512-kHt7kzLoS9VBZfUsiKjv43mr91ea+U05EyKkEtqp7vNbHxmaVuEqN7XxeEVnGrMtYOAxGrDElSi96K7EgO1zCA==

pretty-ms@^6.0.1:
  version "6.0.1"
  resolved "https://registry.yarnpkg.com/pretty-ms/-/pretty-ms-6.0.1.tgz#03ec6cfee20329f142645e63efad96bb775d3da4"
  integrity sha512-ke4njoVmlotekHlHyCZ3wI/c5AMT8peuHs8rKJqekj/oR5G8lND2dVpicFlUz5cbZgE290vvkMuDwfj/OcW1kw==
  dependencies:
    parse-ms "^2.1.0"

sort-on@^4.1.0:
  version "4.1.0"
  resolved "https://registry.yarnpkg.com/sort-on/-/sort-on-4.1.0.tgz#939e671a35eddcf8b6c64fc3cbbdf2119f8e23f6"
  integrity sha512-HStto6jwVlc3PL/cJplRMS1jiAwoqkH+BD375uDZU5hyYne5G2wlj7d1ggPVm0SVu7B6MxCjMQFlzDlzqmBOWg==
  dependencies:
    arrify "^2.0.1"
    dot-prop "^5.0.0"
